// !$*UTF8*$!
{
	archiveVersion = 1;
	classes = {
	};
	objectVersion = 50;
	objects = {

/* Begin PBXBuildFile section */
		22073B6919D53BE1DC8438D5 /* libPods-Meal ReminderTests.a in Frameworks */ = {isa = PBXBuildFile; fileRef = 8EC22A3B61CE88F1CB9C34AE /* libPods-Meal ReminderTests.a */; };
		2A8B6268295F86C4393675F3 /* libPods-Meal Reminder.a in Frameworks */ = {isa = PBXBuildFile; fileRef = 5A89A7EFAB422237F88F9846 /* libPods-Meal Reminder.a */; };
		3864ADAD220890D50022389B /* AppDelegate.m in Sources */ = {isa = PBXBuildFile; fileRef = 3864ADAC220890D50022389B /* AppDelegate.m */; };
		3864ADB0220890D50022389B /* ViewController.m in Sources */ = {isa = PBXBuildFile; fileRef = 3864ADAF220890D50022389B /* ViewController.m */; };
		3864ADB3220890D50022389B /* Main.storyboard in Resources */ = {isa = PBXBuildFile; fileRef = 3864ADB1220890D50022389B /* Main.storyboard */; };
		3864ADB5220890D80022389B /* Assets.xcassets in Resources */ = {isa = PBXBuildFile; fileRef = 3864ADB4220890D80022389B /* Assets.xcassets */; };
		3864ADB8220890D80022389B /* LaunchScreen.storyboard in Resources */ = {isa = PBXBuildFile; fileRef = 3864ADB6220890D80022389B /* LaunchScreen.storyboard */; };
		3864ADBB220890D80022389B /* main.m in Sources */ = {isa = PBXBuildFile; fileRef = 3864ADBA220890D80022389B /* main.m */; };
		3864ADC5220890D80022389B /* Meal_ReminderTests.m in Sources */ = {isa = PBXBuildFile; fileRef = 3864ADC4220890D80022389B /* Meal_ReminderTests.m */; };
		3864ADD0220890D80022389B /* Meal_ReminderUITests.m in Sources */ = {isa = PBXBuildFile; fileRef = 3864ADCF220890D80022389B /* Meal_ReminderUITests.m */; };
		38912AFB22095E3300910850 /* EMVerticalSegmentedControl.m in Sources */ = {isa = PBXBuildFile; fileRef = 38912AF922095E3300910850 /* EMVerticalSegmentedControl.m */; };
		38912B042209694F00910850 /* DietTableViewCell.m in Sources */ = {isa = PBXBuildFile; fileRef = 38912B022209694F00910850 /* DietTableViewCell.m */; };
		38912B052209694F00910850 /* DietTableViewCell.xib in Resources */ = {isa = PBXBuildFile; fileRef = 38912B032209694F00910850 /* DietTableViewCell.xib */; };
		38912B0B22096AC400910850 /* JSONManeger.m in Sources */ = {isa = PBXBuildFile; fileRef = 38912B0722096AC300910850 /* JSONManeger.m */; };
		38912B0C22096AC400910850 /* JsonAPICall.m in Sources */ = {isa = PBXBuildFile; fileRef = 38912B0922096AC300910850 /* JsonAPICall.m */; };
		38912B1022096F6E00910850 /* DietChartModel.m in Sources */ = {isa = PBXBuildFile; fileRef = 38912B0F22096F6E00910850 /* DietChartModel.m */; };
		E553B1908A87C14A466084BF /* libPods-Meal ReminderUITests.a in Frameworks */ = {isa = PBXBuildFile; fileRef = 51B742813DB01E1BCE50A261 /* libPods-Meal ReminderUITests.a */; };
/* End PBXBuildFile section */

/* Begin PBXContainerItemProxy section */
		3864ADC1220890D80022389B /* PBXContainerItemProxy */ = {
			isa = PBXContainerItemProxy;
			containerPortal = 3864ADA0220890D50022389B /* Project object */;
			proxyType = 1;
			remoteGlobalIDString = 3864ADA7220890D50022389B;
			remoteInfo = "Meal Reminder";
		};
		3864ADCC220890D80022389B /* PBXContainerItemProxy */ = {
			isa = PBXContainerItemProxy;
			containerPortal = 3864ADA0220890D50022389B /* Project object */;
			proxyType = 1;
			remoteGlobalIDString = 3864ADA7220890D50022389B;
			remoteInfo = "Meal Reminder";
		};
/* End PBXContainerItemProxy section */

/* Begin PBXFileReference section */
		3864ADA8220890D50022389B /* Meal Reminder.app */ = {isa = PBXFileReference; explicitFileType = wrapper.application; includeInIndex = 0; path = "Meal Reminder.app"; sourceTree = BUILT_PRODUCTS_DIR; };
		3864ADAB220890D50022389B /* AppDelegate.h */ = {isa = PBXFileReference; lastKnownFileType = sourcecode.c.h; path = AppDelegate.h; sourceTree = "<group>"; };
		3864ADAC220890D50022389B /* AppDelegate.m */ = {isa = PBXFileReference; lastKnownFileType = sourcecode.c.objc; path = AppDelegate.m; sourceTree = "<group>"; };
		3864ADAE220890D50022389B /* ViewController.h */ = {isa = PBXFileReference; lastKnownFileType = sourcecode.c.h; path = ViewController.h; sourceTree = "<group>"; };
		3864ADAF220890D50022389B /* ViewController.m */ = {isa = PBXFileReference; lastKnownFileType = sourcecode.c.objc; path = ViewController.m; sourceTree = "<group>"; };
		3864ADB2220890D50022389B /* Base */ = {isa = PBXFileReference; lastKnownFileType = file.storyboard; name = Base; path = Base.lproj/Main.storyboard; sourceTree = "<group>"; };
		3864ADB4220890D80022389B /* Assets.xcassets */ = {isa = PBXFileReference; lastKnownFileType = folder.assetcatalog; path = Assets.xcassets; sourceTree = "<group>"; };
		3864ADB7220890D80022389B /* Base */ = {isa = PBXFileReference; lastKnownFileType = file.storyboard; name = Base; path = Base.lproj/LaunchScreen.storyboard; sourceTree = "<group>"; };
		3864ADB9220890D80022389B /* Info.plist */ = {isa = PBXFileReference; lastKnownFileType = text.plist.xml; path = Info.plist; sourceTree = "<group>"; };
		3864ADBA220890D80022389B /* main.m */ = {isa = PBXFileReference; lastKnownFileType = sourcecode.c.objc; path = main.m; sourceTree = "<group>"; };
		3864ADC0220890D80022389B /* Meal ReminderTests.xctest */ = {isa = PBXFileReference; explicitFileType = wrapper.cfbundle; includeInIndex = 0; path = "Meal ReminderTests.xctest"; sourceTree = BUILT_PRODUCTS_DIR; };
		3864ADC4220890D80022389B /* Meal_ReminderTests.m */ = {isa = PBXFileReference; lastKnownFileType = sourcecode.c.objc; path = Meal_ReminderTests.m; sourceTree = "<group>"; };
		3864ADC6220890D80022389B /* Info.plist */ = {isa = PBXFileReference; lastKnownFileType = text.plist.xml; path = Info.plist; sourceTree = "<group>"; };
		3864ADCB220890D80022389B /* Meal ReminderUITests.xctest */ = {isa = PBXFileReference; explicitFileType = wrapper.cfbundle; includeInIndex = 0; path = "Meal ReminderUITests.xctest"; sourceTree = BUILT_PRODUCTS_DIR; };
		3864ADCF220890D80022389B /* Meal_ReminderUITests.m */ = {isa = PBXFileReference; lastKnownFileType = sourcecode.c.objc; path = Meal_ReminderUITests.m; sourceTree = "<group>"; };
		3864ADD1220890D80022389B /* Info.plist */ = {isa = PBXFileReference; lastKnownFileType = text.plist.xml; path = Info.plist; sourceTree = "<group>"; };
		38912AF922095E3300910850 /* EMVerticalSegmentedControl.m */ = {isa = PBXFileReference; fileEncoding = 4; lastKnownFileType = sourcecode.c.objc; path = EMVerticalSegmentedControl.m; sourceTree = "<group>"; };
		38912AFA22095E3300910850 /* EMVerticalSegmentedControl.h */ = {isa = PBXFileReference; fileEncoding = 4; lastKnownFileType = sourcecode.c.h; path = EMVerticalSegmentedControl.h; sourceTree = "<group>"; };
		38912B012209694F00910850 /* DietTableViewCell.h */ = {isa = PBXFileReference; lastKnownFileType = sourcecode.c.h; path = DietTableViewCell.h; sourceTree = "<group>"; };
		38912B022209694F00910850 /* DietTableViewCell.m */ = {isa = PBXFileReference; lastKnownFileType = sourcecode.c.objc; path = DietTableViewCell.m; sourceTree = "<group>"; };
		38912B032209694F00910850 /* DietTableViewCell.xib */ = {isa = PBXFileReference; lastKnownFileType = file.xib; path = DietTableViewCell.xib; sourceTree = "<group>"; };
		38912B0722096AC300910850 /* JSONManeger.m */ = {isa = PBXFileReference; fileEncoding = 4; lastKnownFileType = sourcecode.c.objc; path = JSONManeger.m; sourceTree = "<group>"; };
		38912B0822096AC300910850 /* JSONManeger.h */ = {isa = PBXFileReference; fileEncoding = 4; lastKnownFileType = sourcecode.c.h; path = JSONManeger.h; sourceTree = "<group>"; };
		38912B0922096AC300910850 /* JsonAPICall.m */ = {isa = PBXFileReference; fileEncoding = 4; lastKnownFileType = sourcecode.c.objc; path = JsonAPICall.m; sourceTree = "<group>"; };
		38912B0A22096AC400910850 /* JsonAPICall.h */ = {isa = PBXFileReference; fileEncoding = 4; lastKnownFileType = sourcecode.c.h; path = JsonAPICall.h; sourceTree = "<group>"; };
		38912B0E22096F6E00910850 /* DietChartModel.h */ = {isa = PBXFileReference; lastKnownFileType = sourcecode.c.h; path = DietChartModel.h; sourceTree = "<group>"; };
		38912B0F22096F6E00910850 /* DietChartModel.m */ = {isa = PBXFileReference; lastKnownFileType = sourcecode.c.objc; path = DietChartModel.m; sourceTree = "<group>"; };
		468D9E55F264930C608FED62 /* Pods-Meal ReminderTests.release.xcconfig */ = {isa = PBXFileReference; includeInIndex = 1; lastKnownFileType = text.xcconfig; name = "Pods-Meal ReminderTests.release.xcconfig"; path = "Pods/Target Support Files/Pods-Meal ReminderTests/Pods-Meal ReminderTests.release.xcconfig"; sourceTree = "<group>"; };
		4FEA3561E7D377FE5208289D /* Pods-Meal Reminder.release.xcconfig */ = {isa = PBXFileReference; includeInIndex = 1; lastKnownFileType = text.xcconfig; name = "Pods-Meal Reminder.release.xcconfig"; path = "Pods/Target Support Files/Pods-Meal Reminder/Pods-Meal Reminder.release.xcconfig"; sourceTree = "<group>"; };
		4FFD71448661AA94D4B3D052 /* Pods-Meal ReminderUITests.debug.xcconfig */ = {isa = PBXFileReference; includeInIndex = 1; lastKnownFileType = text.xcconfig; name = "Pods-Meal ReminderUITests.debug.xcconfig"; path = "Pods/Target Support Files/Pods-Meal ReminderUITests/Pods-Meal ReminderUITests.debug.xcconfig"; sourceTree = "<group>"; };
		51B742813DB01E1BCE50A261 /* libPods-Meal ReminderUITests.a */ = {isa = PBXFileReference; explicitFileType = archive.ar; includeInIndex = 0; path = "libPods-Meal ReminderUITests.a"; sourceTree = BUILT_PRODUCTS_DIR; };
		5A89A7EFAB422237F88F9846 /* libPods-Meal Reminder.a */ = {isa = PBXFileReference; explicitFileType = archive.ar; includeInIndex = 0; path = "libPods-Meal Reminder.a"; sourceTree = BUILT_PRODUCTS_DIR; };
		68EE1D7A20666312776FF805 /* Pods-Meal ReminderTests.debug.xcconfig */ = {isa = PBXFileReference; includeInIndex = 1; lastKnownFileType = text.xcconfig; name = "Pods-Meal ReminderTests.debug.xcconfig"; path = "Pods/Target Support Files/Pods-Meal ReminderTests/Pods-Meal ReminderTests.debug.xcconfig"; sourceTree = "<group>"; };
		6D3E8CD96CF7A6A1BAB85ACF /* Pods-Meal ReminderUITests.release.xcconfig */ = {isa = PBXFileReference; includeInIndex = 1; lastKnownFileType = text.xcconfig; name = "Pods-Meal ReminderUITests.release.xcconfig"; path = "Pods/Target Support Files/Pods-Meal ReminderUITests/Pods-Meal ReminderUITests.release.xcconfig"; sourceTree = "<group>"; };
		8EC22A3B61CE88F1CB9C34AE /* libPods-Meal ReminderTests.a */ = {isa = PBXFileReference; explicitFileType = archive.ar; includeInIndex = 0; path = "libPods-Meal ReminderTests.a"; sourceTree = BUILT_PRODUCTS_DIR; };
		CF452CA7D46346E920839621 /* Pods-Meal Reminder.debug.xcconfig */ = {isa = PBXFileReference; includeInIndex = 1; lastKnownFileType = text.xcconfig; name = "Pods-Meal Reminder.debug.xcconfig"; path = "Pods/Target Support Files/Pods-Meal Reminder/Pods-Meal Reminder.debug.xcconfig"; sourceTree = "<group>"; };
/* End PBXFileReference section */

/* Begin PBXFrameworksBuildPhase section */
		3864ADA5220890D50022389B /* Frameworks */ = {
			isa = PBXFrameworksBuildPhase;
			buildActionMask = 2147483647;
			files = (
				2A8B6268295F86C4393675F3 /* libPods-Meal Reminder.a in Frameworks */,
			);
			runOnlyForDeploymentPostprocessing = 0;
		};
		3864ADBD220890D80022389B /* Frameworks */ = {
			isa = PBXFrameworksBuildPhase;
			buildActionMask = 2147483647;
			files = (
				22073B6919D53BE1DC8438D5 /* libPods-Meal ReminderTests.a in Frameworks */,
			);
			runOnlyForDeploymentPostprocessing = 0;
		};
		3864ADC8220890D80022389B /* Frameworks */ = {
			isa = PBXFrameworksBuildPhase;
			buildActionMask = 2147483647;
			files = (
				E553B1908A87C14A466084BF /* libPods-Meal ReminderUITests.a in Frameworks */,
			);
			runOnlyForDeploymentPostprocessing = 0;
		};
/* End PBXFrameworksBuildPhase section */

/* Begin PBXGroup section */
		3864AD9F220890D50022389B = {
			isa = PBXGroup;
			children = (
				38912B0622096AB200910850 /* JSON Manager */,
				38912AF722095E0400910850 /* Third Party */,
				3864ADAA220890D50022389B /* Meal Reminder */,
				3864ADC3220890D80022389B /* Meal ReminderTests */,
				3864ADCE220890D80022389B /* Meal ReminderUITests */,
				3864ADA9220890D50022389B /* Products */,
				A7E13E230EDCDF44D11ED032 /* Pods */,
				E86A0BB3B6AF2FA71CA2EFB9 /* Frameworks */,
			);
			sourceTree = "<group>";
		};
		3864ADA9220890D50022389B /* Products */ = {
			isa = PBXGroup;
			children = (
				3864ADA8220890D50022389B /* Meal Reminder.app */,
				3864ADC0220890D80022389B /* Meal ReminderTests.xctest */,
				3864ADCB220890D80022389B /* Meal ReminderUITests.xctest */,
			);
			name = Products;
			sourceTree = "<group>";
		};
		3864ADAA220890D50022389B /* Meal Reminder */ = {
			isa = PBXGroup;
			children = (
				38912AFD220968E000910850 /* App Delegate */,
				38912AFF220968F400910850 /* Main View Controller */,
				3864ADB1220890D50022389B /* Main.storyboard */,
				3864ADB4220890D80022389B /* Assets.xcassets */,
				3864ADB6220890D80022389B /* LaunchScreen.storyboard */,
				3864ADB9220890D80022389B /* Info.plist */,
				3864ADBA220890D80022389B /* main.m */,
			);
			path = "Meal Reminder";
			sourceTree = "<group>";
		};
		3864ADC3220890D80022389B /* Meal ReminderTests */ = {
			isa = PBXGroup;
			children = (
				3864ADC4220890D80022389B /* Meal_ReminderTests.m */,
				3864ADC6220890D80022389B /* Info.plist */,
			);
			path = "Meal ReminderTests";
			sourceTree = "<group>";
		};
		3864ADCE220890D80022389B /* Meal ReminderUITests */ = {
			isa = PBXGroup;
			children = (
				3864ADCF220890D80022389B /* Meal_ReminderUITests.m */,
				3864ADD1220890D80022389B /* Info.plist */,
			);
			path = "Meal ReminderUITests";
			sourceTree = "<group>";
		};
		38912AF722095E0400910850 /* Third Party */ = {
			isa = PBXGroup;
			children = (
				38912AF822095E2400910850 /* EMVerticleSegment */,
			);
			path = "Third Party";
			sourceTree = "<group>";
		};
		38912AF822095E2400910850 /* EMVerticleSegment */ = {
			isa = PBXGroup;
			children = (
				38912AFA22095E3300910850 /* EMVerticalSegmentedControl.h */,
				38912AF922095E3300910850 /* EMVerticalSegmentedControl.m */,
			);
			path = EMVerticleSegment;
			sourceTree = "<group>";
		};
		38912AFD220968E000910850 /* App Delegate */ = {
			isa = PBXGroup;
			children = (
				3864ADAB220890D50022389B /* AppDelegate.h */,
				3864ADAC220890D50022389B /* AppDelegate.m */,
			);
			path = "App Delegate";
			sourceTree = "<group>";
		};
		38912AFF220968F400910850 /* Main View Controller */ = {
			isa = PBXGroup;
			children = (
				3864ADAE220890D50022389B /* ViewController.h */,
				3864ADAF220890D50022389B /* ViewController.m */,
				38912B0D22096F5100910850 /* Diet Chart Model */,
				38912B002209690300910850 /* Diet Table Cell */,
			);
			path = "Main View Controller";
			sourceTree = "<group>";
		};
		38912B002209690300910850 /* Diet Table Cell */ = {
			isa = PBXGroup;
			children = (
				38912B012209694F00910850 /* DietTableViewCell.h */,
				38912B022209694F00910850 /* DietTableViewCell.m */,
				38912B032209694F00910850 /* DietTableViewCell.xib */,
			);
			path = "Diet Table Cell";
			sourceTree = "<group>";
		};
		38912B0622096AB200910850 /* JSON Manager */ = {
			isa = PBXGroup;
			children = (
				38912B0A22096AC400910850 /* JsonAPICall.h */,
				38912B0922096AC300910850 /* JsonAPICall.m */,
				38912B0822096AC300910850 /* JSONManeger.h */,
				38912B0722096AC300910850 /* JSONManeger.m */,
			);
			path = "JSON Manager";
			sourceTree = "<group>";
		};
		38912B0D22096F5100910850 /* Diet Chart Model */ = {
			isa = PBXGroup;
			children = (
				38912B0E22096F6E00910850 /* DietChartModel.h */,
				38912B0F22096F6E00910850 /* DietChartModel.m */,
			);
			path = "Diet Chart Model";
			sourceTree = "<group>";
		};
		A7E13E230EDCDF44D11ED032 /* Pods */ = {
			isa = PBXGroup;
			children = (
				CF452CA7D46346E920839621 /* Pods-Meal Reminder.debug.xcconfig */,
				4FEA3561E7D377FE5208289D /* Pods-Meal Reminder.release.xcconfig */,
				68EE1D7A20666312776FF805 /* Pods-Meal ReminderTests.debug.xcconfig */,
				468D9E55F264930C608FED62 /* Pods-Meal ReminderTests.release.xcconfig */,
				4FFD71448661AA94D4B3D052 /* Pods-Meal ReminderUITests.debug.xcconfig */,
				6D3E8CD96CF7A6A1BAB85ACF /* Pods-Meal ReminderUITests.release.xcconfig */,
			);
			name = Pods;
			sourceTree = "<group>";
		};
		E86A0BB3B6AF2FA71CA2EFB9 /* Frameworks */ = {
			isa = PBXGroup;
			children = (
				5A89A7EFAB422237F88F9846 /* libPods-Meal Reminder.a */,
				8EC22A3B61CE88F1CB9C34AE /* libPods-Meal ReminderTests.a */,
				51B742813DB01E1BCE50A261 /* libPods-Meal ReminderUITests.a */,
			);
			name = Frameworks;
			sourceTree = "<group>";
		};
/* End PBXGroup section */

/* Begin PBXNativeTarget section */
		3864ADA7220890D50022389B /* Meal Reminder */ = {
			isa = PBXNativeTarget;
			buildConfigurationList = 3864ADD4220890D80022389B /* Build configuration list for PBXNativeTarget "Meal Reminder" */;
			buildPhases = (
				01BC1EB0916251EE3B759FF0 /* [CP] Check Pods Manifest.lock */,
				3864ADA4220890D50022389B /* Sources */,
				3864ADA5220890D50022389B /* Frameworks */,
				3864ADA6220890D50022389B /* Resources */,
			);
			buildRules = (
			);
			dependencies = (
			);
			name = "Meal Reminder";
			productName = "Meal Reminder";
			productReference = 3864ADA8220890D50022389B /* Meal Reminder.app */;
			productType = "com.apple.product-type.application";
		};
		3864ADBF220890D80022389B /* Meal ReminderTests */ = {
			isa = PBXNativeTarget;
			buildConfigurationList = 3864ADD7220890D80022389B /* Build configuration list for PBXNativeTarget "Meal ReminderTests" */;
			buildPhases = (
				ECC0EBA4E67E13B7010B228B /* [CP] Check Pods Manifest.lock */,
				3864ADBC220890D80022389B /* Sources */,
				3864ADBD220890D80022389B /* Frameworks */,
				3864ADBE220890D80022389B /* Resources */,
			);
			buildRules = (
			);
			dependencies = (
				3864ADC2220890D80022389B /* PBXTargetDependency */,
			);
			name = "Meal ReminderTests";
			productName = "Meal ReminderTests";
			productReference = 3864ADC0220890D80022389B /* Meal ReminderTests.xctest */;
			productType = "com.apple.product-type.bundle.unit-test";
		};
		3864ADCA220890D80022389B /* Meal ReminderUITests */ = {
			isa = PBXNativeTarget;
			buildConfigurationList = 3864ADDA220890D80022389B /* Build configuration list for PBXNativeTarget "Meal ReminderUITests" */;
			buildPhases = (
				25C94807827D7DC7D2136169 /* [CP] Check Pods Manifest.lock */,
				3864ADC7220890D80022389B /* Sources */,
				3864ADC8220890D80022389B /* Frameworks */,
				3864ADC9220890D80022389B /* Resources */,
			);
			buildRules = (
			);
			dependencies = (
				3864ADCD220890D80022389B /* PBXTargetDependency */,
			);
			name = "Meal ReminderUITests";
			productName = "Meal ReminderUITests";
			productReference = 3864ADCB220890D80022389B /* Meal ReminderUITests.xctest */;
			productType = "com.apple.product-type.bundle.ui-testing";
		};
/* End PBXNativeTarget section */

/* Begin PBXProject section */
		3864ADA0220890D50022389B /* Project object */ = {
			isa = PBXProject;
			attributes = {
				LastUpgradeCheck = 1010;
				ORGANIZATIONNAME = "Inspire One";
				TargetAttributes = {
					3864ADA7220890D50022389B = {
						CreatedOnToolsVersion = 10.1;
					};
					3864ADBF220890D80022389B = {
						CreatedOnToolsVersion = 10.1;
						TestTargetID = 3864ADA7220890D50022389B;
					};
					3864ADCA220890D80022389B = {
						CreatedOnToolsVersion = 10.1;
						TestTargetID = 3864ADA7220890D50022389B;
					};
				};
			};
			buildConfigurationList = 3864ADA3220890D50022389B /* Build configuration list for PBXProject "Meal Reminder" */;
			compatibilityVersion = "Xcode 9.3";
			developmentRegion = en;
			hasScannedForEncodings = 0;
			knownRegions = (
				en,
				Base,
			);
			mainGroup = 3864AD9F220890D50022389B;
			productRefGroup = 3864ADA9220890D50022389B /* Products */;
			projectDirPath = "";
			projectRoot = "";
			targets = (
				3864ADA7220890D50022389B /* Meal Reminder */,
				3864ADBF220890D80022389B /* Meal ReminderTests */,
				3864ADCA220890D80022389B /* Meal ReminderUITests */,
			);
		};
/* End PBXProject section */

/* Begin PBXResourcesBuildPhase section */
		3864ADA6220890D50022389B /* Resources */ = {
			isa = PBXResourcesBuildPhase;
			buildActionMask = 2147483647;
			files = (
				3864ADB8220890D80022389B /* LaunchScreen.storyboard in Resources */,
				3864ADB5220890D80022389B /* Assets.xcassets in Resources */,
				3864ADB3220890D50022389B /* Main.storyboard in Resources */,
				38912B052209694F00910850 /* DietTableViewCell.xib in Resources */,
			);
			runOnlyForDeploymentPostprocessing = 0;
		};
		3864ADBE220890D80022389B /* Resources */ = {
			isa = PBXResourcesBuildPhase;
			buildActionMask = 2147483647;
			files = (
			);
			runOnlyForDeploymentPostprocessing = 0;
		};
		3864ADC9220890D80022389B /* Resources */ = {
			isa = PBXResourcesBuildPhase;
			buildActionMask = 2147483647;
			files = (
			);
			runOnlyForDeploymentPostprocessing = 0;
		};
/* End PBXResourcesBuildPhase section */

/* Begin PBXShellScriptBuildPhase section */
		01BC1EB0916251EE3B759FF0 /* [CP] Check Pods Manifest.lock */ = {
			isa = PBXShellScriptBuildPhase;
			buildActionMask = 2147483647;
			files = (
			);
			inputPaths = (
				"${PODS_PODFILE_DIR_PATH}/Podfile.lock",
				"${PODS_ROOT}/Manifest.lock",
			);
			name = "[CP] Check Pods Manifest.lock";
			outputPaths = (
				"$(DERIVED_FILE_DIR)/Pods-Meal Reminder-checkManifestLockResult.txt",
			);
			runOnlyForDeploymentPostprocessing = 0;
			shellPath = /bin/sh;
			shellScript = "diff \"${PODS_PODFILE_DIR_PATH}/Podfile.lock\" \"${PODS_ROOT}/Manifest.lock\" > /dev/null\nif [ $? != 0 ] ; then\n    # print error to STDERR\n    echo \"error: The sandbox is not in sync with the Podfile.lock. Run 'pod install' or update your CocoaPods installation.\" >&2\n    exit 1\nfi\n# This output is used by Xcode 'outputs' to avoid re-running this script phase.\necho \"SUCCESS\" > \"${SCRIPT_OUTPUT_FILE_0}\"\n";
			showEnvVarsInLog = 0;
		};
		25C94807827D7DC7D2136169 /* [CP] Check Pods Manifest.lock */ = {
			isa = PBXShellScriptBuildPhase;
			buildActionMask = 2147483647;
			files = (
			);
			inputPaths = (
				"${PODS_PODFILE_DIR_PATH}/Podfile.lock",
				"${PODS_ROOT}/Manifest.lock",
			);
			name = "[CP] Check Pods Manifest.lock";
			outputPaths = (
				"$(DERIVED_FILE_DIR)/Pods-Meal ReminderUITests-checkManifestLockResult.txt",
			);
			runOnlyForDeploymentPostprocessing = 0;
			shellPath = /bin/sh;
			shellScript = "diff \"${PODS_PODFILE_DIR_PATH}/Podfile.lock\" \"${PODS_ROOT}/Manifest.lock\" > /dev/null\nif [ $? != 0 ] ; then\n    # print error to STDERR\n    echo \"error: The sandbox is not in sync with the Podfile.lock. Run 'pod install' or update your CocoaPods installation.\" >&2\n    exit 1\nfi\n# This output is used by Xcode 'outputs' to avoid re-running this script phase.\necho \"SUCCESS\" > \"${SCRIPT_OUTPUT_FILE_0}\"\n";
			showEnvVarsInLog = 0;
		};
		ECC0EBA4E67E13B7010B228B /* [CP] Check Pods Manifest.lock */ = {
			isa = PBXShellScriptBuildPhase;
			buildActionMask = 2147483647;
			files = (
			);
			inputPaths = (
				"${PODS_PODFILE_DIR_PATH}/Podfile.lock",
				"${PODS_ROOT}/Manifest.lock",
			);
			name = "[CP] Check Pods Manifest.lock";
			outputPaths = (
				"$(DERIVED_FILE_DIR)/Pods-Meal ReminderTests-checkManifestLockResult.txt",
			);
			runOnlyForDeploymentPostprocessing = 0;
			shellPath = /bin/sh;
			shellScript = "diff \"${PODS_PODFILE_DIR_PATH}/Podfile.lock\" \"${PODS_ROOT}/Manifest.lock\" > /dev/null\nif [ $? != 0 ] ; then\n    # print error to STDERR\n    echo \"error: The sandbox is not in sync with the Podfile.lock. Run 'pod install' or update your CocoaPods installation.\" >&2\n    exit 1\nfi\n# This output is used by Xcode 'outputs' to avoid re-running this script phase.\necho \"SUCCESS\" > \"${SCRIPT_OUTPUT_FILE_0}\"\n";
			showEnvVarsInLog = 0;
		};
/* End PBXShellScriptBuildPhase section */

/* Begin PBXSourcesBuildPhase section */
		3864ADA4220890D50022389B /* Sources */ = {
			isa = PBXSourcesBuildPhase;
			buildActionMask = 2147483647;
			files = (
				38912AFB22095E3300910850 /* EMVerticalSegmentedControl.m in Sources */,
				3864ADB0220890D50022389B /* ViewController.m in Sources */,
				3864ADBB220890D80022389B /* main.m in Sources */,
				38912B0B22096AC400910850 /* JSONManeger.m in Sources */,
				38912B1022096F6E00910850 /* DietChartModel.m in Sources */,
				3864ADAD220890D50022389B /* AppDelegate.m in Sources */,
				38912B0C22096AC400910850 /* JsonAPICall.m in Sources */,
				38912B042209694F00910850 /* DietTableViewCell.m in Sources */,
			);
			runOnlyForDeploymentPostprocessing = 0;
		};
		3864ADBC220890D80022389B /* Sources */ = {
			isa = PBXSourcesBuildPhase;
			buildActionMask = 2147483647;
			files = (
				3864ADC5220890D80022389B /* Meal_ReminderTests.m in Sources */,
			);
			runOnlyForDeploymentPostprocessing = 0;
		};
		3864ADC7220890D80022389B /* Sources */ = {
			isa = PBXSourcesBuildPhase;
			buildActionMask = 2147483647;
			files = (
				3864ADD0220890D80022389B /* Meal_ReminderUITests.m in Sources */,
			);
			runOnlyForDeploymentPostprocessing = 0;
		};
/* End PBXSourcesBuildPhase section */

/* Begin PBXTargetDependency section */
		3864ADC2220890D80022389B /* PBXTargetDependency */ = {
			isa = PBXTargetDependency;
			target = 3864ADA7220890D50022389B /* Meal Reminder */;
			targetProxy = 3864ADC1220890D80022389B /* PBXContainerItemProxy */;
		};
		3864ADCD220890D80022389B /* PBXTargetDependency */ = {
			isa = PBXTargetDependency;
			target = 3864ADA7220890D50022389B /* Meal Reminder */;
			targetProxy = 3864ADCC220890D80022389B /* PBXContainerItemProxy */;
		};
/* End PBXTargetDependency section */

/* Begin PBXVariantGroup section */
		3864ADB1220890D50022389B /* Main.storyboard */ = {
			isa = PBXVariantGroup;
			children = (
				3864ADB2220890D50022389B /* Base */,
			);
			name = Main.storyboard;
			sourceTree = "<group>";
		};
		3864ADB6220890D80022389B /* LaunchScreen.storyboard */ = {
			isa = PBXVariantGroup;
			children = (
				3864ADB7220890D80022389B /* Base */,
			);
			name = LaunchScreen.storyboard;
			sourceTree = "<group>";
		};
/* End PBXVariantGroup section */

/* Begin XCBuildConfiguration section */
		3864ADD2220890D80022389B /* Debug */ = {
			isa = XCBuildConfiguration;
			buildSettings = {
				ALWAYS_SEARCH_USER_PATHS = NO;
				CLANG_ANALYZER_NONNULL = YES;
				CLANG_ANALYZER_NUMBER_OBJECT_CONVERSION = YES_AGGRESSIVE;
				CLANG_CXX_LANGUAGE_STANDARD = "gnu++14";
				CLANG_CXX_LIBRARY = "libc++";
				CLANG_ENABLE_MODULES = YES;
				CLANG_ENABLE_OBJC_ARC = YES;
				CLANG_ENABLE_OBJC_WEAK = YES;
				CLANG_WARN_BLOCK_CAPTURE_AUTORELEASING = YES;
				CLANG_WARN_BOOL_CONVERSION = YES;
				CLANG_WARN_COMMA = YES;
				CLANG_WARN_CONSTANT_CONVERSION = YES;
				CLANG_WARN_DEPRECATED_OBJC_IMPLEMENTATIONS = YES;
				CLANG_WARN_DIRECT_OBJC_ISA_USAGE = YES_ERROR;
				CLANG_WARN_DOCUMENTATION_COMMENTS = YES;
				CLANG_WARN_EMPTY_BODY = YES;
				CLANG_WARN_ENUM_CONVERSION = YES;
				CLANG_WARN_INFINITE_RECURSION = YES;
				CLANG_WARN_INT_CONVERSION = YES;
				CLANG_WARN_NON_LITERAL_NULL_CONVERSION = YES;
				CLANG_WARN_OBJC_IMPLICIT_RETAIN_SELF = YES;
				CLANG_WARN_OBJC_LITERAL_CONVERSION = YES;
				CLANG_WARN_OBJC_ROOT_CLASS = YES_ERROR;
				CLANG_WARN_RANGE_LOOP_ANALYSIS = YES;
				CLANG_WARN_STRICT_PROTOTYPES = YES;
				CLANG_WARN_SUSPICIOUS_MOVE = YES;
				CLANG_WARN_UNGUARDED_AVAILABILITY = YES_AGGRESSIVE;
				CLANG_WARN_UNREACHABLE_CODE = YES;
				CLANG_WARN__DUPLICATE_METHOD_MATCH = YES;
				CODE_SIGN_IDENTITY = "iPhone Developer";
				COPY_PHASE_STRIP = NO;
				DEBUG_INFORMATION_FORMAT = dwarf;
				ENABLE_STRICT_OBJC_MSGSEND = YES;
				ENABLE_TESTABILITY = YES;
				GCC_C_LANGUAGE_STANDARD = gnu11;
				GCC_DYNAMIC_NO_PIC = NO;
				GCC_NO_COMMON_BLOCKS = YES;
				GCC_OPTIMIZATION_LEVEL = 0;
				GCC_PREPROCESSOR_DEFINITIONS = (
					"DEBUG=1",
					"$(inherited)",
				);
				GCC_WARN_64_TO_32_BIT_CONVERSION = YES;
				GCC_WARN_ABOUT_RETURN_TYPE = YES_ERROR;
				GCC_WARN_UNDECLARED_SELECTOR = YES;
				GCC_WARN_UNINITIALIZED_AUTOS = YES_AGGRESSIVE;
				GCC_WARN_UNUSED_FUNCTION = YES;
				GCC_WARN_UNUSED_VARIABLE = YES;
				IPHONEOS_DEPLOYMENT_TARGET = 12.1;
				MTL_ENABLE_DEBUG_INFO = INCLUDE_SOURCE;
				MTL_FAST_MATH = YES;
				ONLY_ACTIVE_ARCH = YES;
				SDKROOT = iphoneos;
			};
			name = Debug;
		};
		3864ADD3220890D80022389B /* Release */ = {
			isa = XCBuildConfiguration;
			buildSettings = {
				ALWAYS_SEARCH_USER_PATHS = NO;
				CLANG_ANALYZER_NONNULL = YES;
				CLANG_ANALYZER_NUMBER_OBJECT_CONVERSION = YES_AGGRESSIVE;
				CLANG_CXX_LANGUAGE_STANDARD = "gnu++14";
				CLANG_CXX_LIBRARY = "libc++";
				CLANG_ENABLE_MODULES = YES;
				CLANG_ENABLE_OBJC_ARC = YES;
				CLANG_ENABLE_OBJC_WEAK = YES;
				CLANG_WARN_BLOCK_CAPTURE_AUTORELEASING = YES;
				CLANG_WARN_BOOL_CONVERSION = YES;
				CLANG_WARN_COMMA = YES;
				CLANG_WARN_CONSTANT_CONVERSION = YES;
				CLANG_WARN_DEPRECATED_OBJC_IMPLEMENTATIONS = YES;
				CLANG_WARN_DIRECT_OBJC_ISA_USAGE = YES_ERROR;
				CLANG_WARN_DOCUMENTATION_COMMENTS = YES;
				CLANG_WARN_EMPTY_BODY = YES;
				CLANG_WARN_ENUM_CONVERSION = YES;
				CLANG_WARN_INFINITE_RECURSION = YES;
				CLANG_WARN_INT_CONVERSION = YES;
				CLANG_WARN_NON_LITERAL_NULL_CONVERSION = YES;
				CLANG_WARN_OBJC_IMPLICIT_RETAIN_SELF = YES;
				CLANG_WARN_OBJC_LITERAL_CONVERSION = YES;
				CLANG_WARN_OBJC_ROOT_CLASS = YES_ERROR;
				CLANG_WARN_RANGE_LOOP_ANALYSIS = YES;
				CLANG_WARN_STRICT_PROTOTYPES = YES;
				CLANG_WARN_SUSPICIOUS_MOVE = YES;
				CLANG_WARN_UNGUARDED_AVAILABILITY = YES_AGGRESSIVE;
				CLANG_WARN_UNREACHABLE_CODE = YES;
				CLANG_WARN__DUPLICATE_METHOD_MATCH = YES;
				CODE_SIGN_IDENTITY = "iPhone Developer";
				COPY_PHASE_STRIP = NO;
				DEBUG_INFORMATION_FORMAT = "dwarf-with-dsym";
				ENABLE_NS_ASSERTIONS = NO;
				ENABLE_STRICT_OBJC_MSGSEND = YES;
				GCC_C_LANGUAGE_STANDARD = gnu11;
				GCC_NO_COMMON_BLOCKS = YES;
				GCC_WARN_64_TO_32_BIT_CONVERSION = YES;
				GCC_WARN_ABOUT_RETURN_TYPE = YES_ERROR;
				GCC_WARN_UNDECLARED_SELECTOR = YES;
				GCC_WARN_UNINITIALIZED_AUTOS = YES_AGGRESSIVE;
				GCC_WARN_UNUSED_FUNCTION = YES;
				GCC_WARN_UNUSED_VARIABLE = YES;
				IPHONEOS_DEPLOYMENT_TARGET = 12.1;
				MTL_ENABLE_DEBUG_INFO = NO;
				MTL_FAST_MATH = YES;
				SDKROOT = iphoneos;
				VALIDATE_PRODUCT = YES;
			};
			name = Release;
		};
		3864ADD5220890D80022389B /* Debug */ = {
			isa = XCBuildConfiguration;
			baseConfigurationReference = CF452CA7D46346E920839621 /* Pods-Meal Reminder.debug.xcconfig */;
			buildSettings = {
				ASSETCATALOG_COMPILER_APPICON_NAME = AppIcon;
				CODE_SIGN_STYLE = Automatic;
				DEVELOPMENT_TEAM = HYGAWW3WF2;
				INFOPLIST_FILE = "Meal Reminder/Info.plist";
				LD_RUNPATH_SEARCH_PATHS = (
					"$(inherited)",
					"@executable_path/Frameworks",
				);
				PRODUCT_BUNDLE_IDENTIFIER = "inspireone.tech.Meal-Reminder";
				PRODUCT_NAME = "$(TARGET_NAME)";
				TARGETED_DEVICE_FAMILY = "1,2";
			};
			name = Debug;
		};
		3864ADD6220890D80022389B /* Release */ = {
			isa = XCBuildConfiguration;
			baseConfigurationReference = 4FEA3561E7D377FE5208289D /* Pods-Meal Reminder.release.xcconfig */;
			buildSettings = {
				ASSETCATALOG_COMPILER_APPICON_NAME = AppIcon;
				CODE_SIGN_STYLE = Automatic;
				DEVELOPMENT_TEAM = HYGAWW3WF2;
				INFOPLIST_FILE = "Meal Reminder/Info.plist";
				LD_RUNPATH_SEARCH_PATHS = (
					"$(inherited)",
					"@executable_path/Frameworks",
				);
				PRODUCT_BUNDLE_IDENTIFIER = "inspireone.tech.Meal-Reminder";
				PRODUCT_NAME = "$(TARGET_NAME)";
				TARGETED_DEVICE_FAMILY = "1,2";
			};
			name = Release;
		};
		3864ADD8220890D80022389B /* Debug */ = {
			isa = XCBuildConfiguration;
			baseConfigurationReference = 68EE1D7A20666312776FF805 /* Pods-Meal ReminderTests.debug.xcconfig */;
			buildSettings = {
				BUNDLE_LOADER = "$(TEST_HOST)";
				CODE_SIGN_STYLE = Automatic;
				INFOPLIST_FILE = "Meal ReminderTests/Info.plist";
				LD_RUNPATH_SEARCH_PATHS = (
					"$(inherited)",
					"@executable_path/Frameworks",
					"@loader_path/Frameworks",
				);
				PRODUCT_BUNDLE_IDENTIFIER = "inspireone.tech.Meal-ReminderTests";
				PRODUCT_NAME = "$(TARGET_NAME)";
				TARGETED_DEVICE_FAMILY = "1,2";
				TEST_HOST = "$(BUILT_PRODUCTS_DIR)/Meal Reminder.app/Meal Reminder";
			};
			name = Debug;
		};
		3864ADD9220890D80022389B /* Release */ = {
			isa = XCBuildConfiguration;
			baseConfigurationReference = 468D9E55F264930C608FED62 /* Pods-Meal ReminderTests.release.xcconfig */;
			buildSettings = {
				BUNDLE_LOADER = "$(TEST_HOST)";
				CODE_SIGN_STYLE = Automatic;
				INFOPLIST_FILE = "Meal ReminderTests/Info.plist";
				LD_RUNPATH_SEARCH_PATHS = (
					"$(inherited)",
					"@executable_path/Frameworks",
					"@loader_path/Frameworks",
				);
				PRODUCT_BUNDLE_IDENTIFIER = "inspireone.tech.Meal-ReminderTests";
				PRODUCT_NAME = "$(TARGET_NAME)";
				TARGETED_DEVICE_FAMILY = "1,2";
				TEST_HOST = "$(BUILT_PRODUCTS_DIR)/Meal Reminder.app/Meal Reminder";
			};
			name = Release;
		};
		3864ADDB220890D80022389B /* Debug */ = {
			isa = XCBuildConfiguration;
			baseConfigurationReference = 4FFD71448661AA94D4B3D052 /* Pods-Meal ReminderUITests.debug.xcconfig */;
			buildSettings = {
				CODE_SIGN_STYLE = Automatic;
				INFOPLIST_FILE = "Meal ReminderUITests/Info.plist";
				LD_RUNPATH_SEARCH_PATHS = (
					"$(inherited)",
					"@executable_path/Frameworks",
					"@loader_path/Frameworks",
				);
				PRODUCT_BUNDLE_IDENTIFIER = "inspireone.tech.Meal-ReminderUITests";
				PRODUCT_NAME = "$(TARGET_NAME)";
				TARGETED_DEVICE_FAMILY = "1,2";
				TEST_TARGET_NAME = "Meal Reminder";
			};
			name = Debug;
		};
		3864ADDC220890D80022389B /* Release */ = {
			isa = XCBuildConfiguration;
			baseConfigurationReference = 6D3E8CD96CF7A6A1BAB85ACF /* Pods-Meal ReminderUITests.release.xcconfig */;
			buildSettings = {
				CODE_SIGN_STYLE = Automatic;
				INFOPLIST_FILE = "Meal ReminderUITests/Info.plist";
				LD_RUNPATH_SEARCH_PATHS = (
					"$(inherited)",
					"@executable_path/Frameworks",
					"@loader_path/Frameworks",
				);
				PRODUCT_BUNDLE_IDENTIFIER = "inspireone.tech.Meal-ReminderUITests";
				PRODUCT_NAME = "$(TARGET_NAME)";
				TARGETED_DEVICE_FAMILY = "1,2";
				TEST_TARGET_NAME = "Meal Reminder";
			};
			name = Release;
		};
/* End XCBuildConfiguration section */

/* Begin XCConfigurationList section */
		3864ADA3220890D50022389B /* Build configuration list for PBXProject "Meal Reminder" */ = {
			isa = XCConfigurationList;
			buildConfigurations = (
				3864ADD2220890D80022389B /* Debug */,
				3864ADD3220890D80022389B /* Release */,
			);
			defaultConfigurationIsVisible = 0;
			defaultConfigurationName = Release;
		};
		3864ADD4220890D80022389B /* Build configuration list for PBXNativeTarget "Meal Reminder" */ = {
			isa = XCConfigurationList;
			buildConfigurations = (
				3864ADD5220890D80022389B /* Debug */,
				3864ADD6220890D80022389B /* Release */,
			);
			defaultConfigurationIsVisible = 0;
			defaultConfigurationName = Release;
		};
		3864ADD7220890D80022389B /* Build configuration list for PBXNativeTarget "Meal ReminderTests" */ = {
			isa = XCConfigurationList;
			buildConfigurations = (
				3864ADD8220890D80022389B /* Debug */,
				3864ADD9220890D80022389B /* Release */,
			);
			defaultConfigurationIsVisible = 0;
			defaultConfigurationName = Release;
		};
		3864ADDA220890D80022389B /* Build configuration list for PBXNativeTarget "Meal ReminderUITests" */ = {
			isa = XCConfigurationList;
			buildConfigurations = (
				3864ADDB220890D80022389B /* Debug */,
				3864ADDC220890D80022389B /* Release */,
			);
			defaultConfigurationIsVisible = 0;
			defaultConfigurationName = Release;
		};
/* End XCConfigurationList section */
	};
	rootObject = 3864ADA0220890D50022389B /* Project object */;
}
